
Microsoft Visual Studio Solution File, Format Version 12.00
# Visual Studio 14
VisualStudioVersion = 14.0.24720.0
MinimumVisualStudioVersion = 10.0.40219.1
Project("{D954291E-2A0B-460D-934E-DC6B0785DB48}") = "SharedProject1-22-3-19", "SharedProject1-22-3-19\SharedProject1-22-3-19.shproj", "{DD5B774E-6B2C-4489-A697-93D661745913}"
EndProject
Global
	GlobalSection(SharedMSBuildProjectFiles) = preSolution
		SharedProject1-22-3-19\SharedProject1-22-3-19.projitems*{dd5b774e-6b2c-4489-a697-93d661745913}*SharedItemsImports = 13
	EndGlobalSection
	GlobalSection(SolutionProperties) = preSolution
		HideSolutionNode = FALSE
	EndGlobalSection
EndGlobal
